PODS:
  - KMPlaceholderTextView (1.4.0)

DEPENDENCIES:
  - KMPlaceholderTextView (~> 1.4.0)

SPEC REPOS:
  trunk:
    - KMPlaceholderTextView

SPEC CHECKSUMS:
  KMPlaceholderTextView: 2206c3df39979e9396e2d96fa9f427a8951121b0

PODFILE CHECKSUM: 2d246ddda6446365a16f9d8168125d8dd830a200

COCOAPODS: 1.10.1
